
Microsoft Visual Studio Solution File, Format Version 12.00
# Visual Studio 2013
VisualStudioVersion = 12.0.30723.0
MinimumVisualStudioVersion = 10.0.40219.1
Project("{E24C65DC-7377-472B-9ABA-BC803B73C61A}") = "DBMSResourceSharingProject", "http://localhost:3690", "{3F121969-33E0-4C18-B48C-9D9412A37947}"
	ProjectSection(WebsiteProperties) = preProject
		UseIISExpress = "true"
		TargetFrameworkMoniker = ".NETFramework,Version%3Dv4.5"
		ProjectReferences = "{1fd7a58c-fb54-4a6a-87b8-88f7351345f3}|DBMSResourceSharingProjectDAL.dll;{882317c5-e03f-418b-ac39-b4bfa417b126}|DBMSResourceSharingProjectBLL.dll;"
		Debug.AspNetCompiler.VirtualPath = "/localhost_3690"
		Debug.AspNetCompiler.PhysicalPath = "..\..\WebSites\DBMSResourceSharingProject\"
		Debug.AspNetCompiler.TargetPath = "PrecompiledWeb\localhost_3690\"
		Debug.AspNetCompiler.Updateable = "true"
		Debug.AspNetCompiler.ForceOverwrite = "true"
		Debug.AspNetCompiler.FixedNames = "false"
		Debug.AspNetCompiler.Debug = "True"
		Release.AspNetCompiler.VirtualPath = "/localhost_3690"
		Release.AspNetCompiler.PhysicalPath = "..\..\WebSites\DBMSResourceSharingProject\"
		Release.AspNetCompiler.TargetPath = "PrecompiledWeb\localhost_3690\"
		Release.AspNetCompiler.Updateable = "true"
		Release.AspNetCompiler.ForceOverwrite = "true"
		Release.AspNetCompiler.FixedNames = "false"
		Release.AspNetCompiler.Debug = "False"
		SlnRelativePath = "..\..\WebSites\DBMSResourceSharingProject\"
		DefaultWebSiteLanguage = "Visual C#"
	EndProjectSection
EndProject
Project("{FAE04EC0-301F-11D3-BF4B-00C04F79EFBC}") = "DBMSResourceSharingProjectBLL", "DBMSResourceSharingProjectBLL\DBMSResourceSharingProjectBLL.csproj", "{882317C5-E03F-418B-AC39-B4BFA417B126}"
EndProject
Project("{FAE04EC0-301F-11D3-BF4B-00C04F79EFBC}") = "DBMSResourceSharingProjectDAL", "DBMSResourceSharingProjectDAL\DBMSResourceSharingProjectDAL.csproj", "{1FD7A58C-FB54-4A6A-87B8-88F7351345F3}"
EndProject
Global
	GlobalSection(SolutionConfigurationPlatforms) = preSolution
		Debug|Any CPU = Debug|Any CPU
		Release|Any CPU = Release|Any CPU
	EndGlobalSection
	GlobalSection(ProjectConfigurationPlatforms) = postSolution
		{3F121969-33E0-4C18-B48C-9D9412A37947}.Debug|Any CPU.ActiveCfg = Debug|Any CPU
		{3F121969-33E0-4C18-B48C-9D9412A37947}.Debug|Any CPU.Build.0 = Debug|Any CPU
		{3F121969-33E0-4C18-B48C-9D9412A37947}.Release|Any CPU.ActiveCfg = Debug|Any CPU
		{3F121969-33E0-4C18-B48C-9D9412A37947}.Release|Any CPU.Build.0 = Debug|Any CPU
		{882317C5-E03F-418B-AC39-B4BFA417B126}.Debug|Any CPU.ActiveCfg = Debug|Any CPU
		{882317C5-E03F-418B-AC39-B4BFA417B126}.Debug|Any CPU.Build.0 = Debug|Any CPU
		{882317C5-E03F-418B-AC39-B4BFA417B126}.Release|Any CPU.ActiveCfg = Release|Any CPU
		{882317C5-E03F-418B-AC39-B4BFA417B126}.Release|Any CPU.Build.0 = Release|Any CPU
		{1FD7A58C-FB54-4A6A-87B8-88F7351345F3}.Debug|Any CPU.ActiveCfg = Debug|Any CPU
		{1FD7A58C-FB54-4A6A-87B8-88F7351345F3}.Debug|Any CPU.Build.0 = Debug|Any CPU
		{1FD7A58C-FB54-4A6A-87B8-88F7351345F3}.Release|Any CPU.ActiveCfg = Release|Any CPU
		{1FD7A58C-FB54-4A6A-87B8-88F7351345F3}.Release|Any CPU.Build.0 = Release|Any CPU
	EndGlobalSection
	GlobalSection(SolutionProperties) = preSolution
		HideSolutionNode = FALSE
	EndGlobalSection
EndGlobal
